
Microsoft Visual Studio Solution File, Format Version 12.00
# Visual Studio Version 17
VisualStudioVersion = 17.2.32630.192
MinimumVisualStudioVersion = 10.0.40219.1
Project("{FAE04EC0-301F-11D3-BF4B-00C04F79EFBC}") = "Primer", "RevitAPITraining_Selection\Primer.csproj", "{B433F457-F0DC-4FA6-96A8-99FFA4CF1659}"
EndProject
Project("{FAE04EC0-301F-11D3-BF4B-00C04F79EFBC}") = "2.1", "2.1\2.1.csproj", "{3919B333-6483-4A69-A33D-3E8F20DEB831}"
EndProject
Project("{FAE04EC0-301F-11D3-BF4B-00C04F79EFBC}") = "2.2", "2.2\2.2.csproj", "{31720D93-8DA2-409B-8E08-7A6634C1F01B}"
EndProject
Project("{FAE04EC0-301F-11D3-BF4B-00C04F79EFBC}") = "2.3", "2.3\2.3.csproj", "{E0C3539E-412C-4D08-94F8-DB7B33C8551F}"
EndProject
Project("{FAE04EC0-301F-11D3-BF4B-00C04F79EFBC}") = "2.4", "2.4\2.4.csproj", "{AB4DFE16-C351-46BD-AC49-2100BC315C53}"
EndProject
Global
	GlobalSection(SolutionConfigurationPlatforms) = preSolution
		Debug|Any CPU = Debug|Any CPU
		Release|Any CPU = Release|Any CPU
	EndGlobalSection
	GlobalSection(ProjectConfigurationPlatforms) = postSolution
		{B433F457-F0DC-4FA6-96A8-99FFA4CF1659}.Debug|Any CPU.ActiveCfg = Debug|Any CPU
		{B433F457-F0DC-4FA6-96A8-99FFA4CF1659}.Debug|Any CPU.Build.0 = Debug|Any CPU
		{B433F457-F0DC-4FA6-96A8-99FFA4CF1659}.Release|Any CPU.ActiveCfg = Release|Any CPU
		{B433F457-F0DC-4FA6-96A8-99FFA4CF1659}.Release|Any CPU.Build.0 = Release|Any CPU
		{3919B333-6483-4A69-A33D-3E8F20DEB831}.Debug|Any CPU.ActiveCfg = Debug|Any CPU
		{3919B333-6483-4A69-A33D-3E8F20DEB831}.Debug|Any CPU.Build.0 = Debug|Any CPU
		{3919B333-6483-4A69-A33D-3E8F20DEB831}.Release|Any CPU.ActiveCfg = Release|Any CPU
		{3919B333-6483-4A69-A33D-3E8F20DEB831}.Release|Any CPU.Build.0 = Release|Any CPU
		{31720D93-8DA2-409B-8E08-7A6634C1F01B}.Debug|Any CPU.ActiveCfg = Debug|Any CPU
		{31720D93-8DA2-409B-8E08-7A6634C1F01B}.Debug|Any CPU.Build.0 = Debug|Any CPU
		{31720D93-8DA2-409B-8E08-7A6634C1F01B}.Release|Any CPU.ActiveCfg = Release|Any CPU
		{31720D93-8DA2-409B-8E08-7A6634C1F01B}.Release|Any CPU.Build.0 = Release|Any CPU
		{E0C3539E-412C-4D08-94F8-DB7B33C8551F}.Debug|Any CPU.ActiveCfg = Debug|Any CPU
		{E0C3539E-412C-4D08-94F8-DB7B33C8551F}.Debug|Any CPU.Build.0 = Debug|Any CPU
		{E0C3539E-412C-4D08-94F8-DB7B33C8551F}.Release|Any CPU.ActiveCfg = Release|Any CPU
		{E0C3539E-412C-4D08-94F8-DB7B33C8551F}.Release|Any CPU.Build.0 = Release|Any CPU
		{AB4DFE16-C351-46BD-AC49-2100BC315C53}.Debug|Any CPU.ActiveCfg = Debug|Any CPU
		{AB4DFE16-C351-46BD-AC49-2100BC315C53}.Debug|Any CPU.Build.0 = Debug|Any CPU
		{AB4DFE16-C351-46BD-AC49-2100BC315C53}.Release|Any CPU.ActiveCfg = Release|Any CPU
		{AB4DFE16-C351-46BD-AC49-2100BC315C53}.Release|Any CPU.Build.0 = Release|Any CPU
	EndGlobalSection
	GlobalSection(SolutionProperties) = preSolution
		HideSolutionNode = FALSE
	EndGlobalSection
	GlobalSection(ExtensibilityGlobals) = postSolution
		SolutionGuid = {05D46996-685E-4D34-88D1-2E860122F211}
	EndGlobalSection
EndGlobal
